# This file is generated by running "yarn install" inside your project.
# Manual changes might be lost - proceed with caution!

__metadata:
  version: 6
  cacheKey: 8

"@esbuild/android-arm64@npm:0.17.18":
  version: 0.17.18
  resolution: "@esbuild/android-arm64@npm:0.17.18"
  conditions: os=android & cpu=arm64
  languageName: node
  linkType: hard

"@esbuild/android-arm@npm:0.17.18":
  version: 0.17.18
  resolution: "@esbuild/android-arm@npm:0.17.18"
  conditions: os=android & cpu=arm
  languageName: node
  linkType: hard

"@esbuild/android-x64@npm:0.17.18":
  version: 0.17.18
  resolution: "@esbuild/android-x64@npm:0.17.18"
  conditions: os=android & cpu=x64
  languageName: node
  linkType: hard

"@esbuild/darwin-arm64@npm:0.17.18":
  version: 0.17.18
  resolution: "@esbuild/darwin-arm64@npm:0.17.18"
  conditions: os=darwin & cpu=arm64
  languageName: node
  linkType: hard

"@esbuild/darwin-x64@npm:0.17.18":
  version: 0.17.18
  resolution: "@esbuild/darwin-x64@npm:0.17.18"
  conditions: os=darwin & cpu=x64
  languageName: node
  linkType: hard

"@esbuild/freebsd-arm64@npm:0.17.18":
  version: 0.17.18
  resolution: "@esbuild/freebsd-arm64@npm:0.17.18"
  conditions: os=freebsd & cpu=arm64
  languageName: node
  linkType: hard

"@esbuild/freebsd-x64@npm:0.17.18":
  version: 0.17.18
  resolution: "@esbuild/freebsd-x64@npm:0.17.18"
  conditions: os=freebsd & cpu=x64
  languageName: node
  linkType: hard

"@esbuild/linux-arm64@npm:0.17.18":
  version: 0.17.18
  resolution: "@esbuild/linux-arm64@npm:0.17.18"
  conditions: os=linux & cpu=arm64
  languageName: node
  linkType: hard

"@esbuild/linux-arm@npm:0.17.18":
  version: 0.17.18
  resolution: "@esbuild/linux-arm@npm:0.17.18"
  conditions: os=linux & cpu=arm
  languageName: node
  linkType: hard

"@esbuild/linux-ia32@npm:0.17.18":
  version: 0.17.18
  resolution: "@esbuild/linux-ia32@npm:0.17.18"
  conditions: os=linux & cpu=ia32
  languageName: node
  linkType: hard

"@esbuild/linux-loong64@npm:0.17.18":
  version: 0.17.18
  resolution: "@esbuild/linux-loong64@npm:0.17.18"
  conditions: os=linux & cpu=loong64
  languageName: node
  linkType: hard

"@esbuild/linux-mips64el@npm:0.17.18":
  version: 0.17.18
  resolution: "@esbuild/linux-mips64el@npm:0.17.18"
  conditions: os=linux & cpu=mips64el
  languageName: node
  linkType: hard

"@esbuild/linux-ppc64@npm:0.17.18":
  version: 0.17.18
  resolution: "@esbuild/linux-ppc64@npm:0.17.18"
  conditions: os=linux & cpu=ppc64
  languageName: node
  linkType: hard

"@esbuild/linux-riscv64@npm:0.17.18":
  version: 0.17.18
  resolution: "@esbuild/linux-riscv64@npm:0.17.18"
  conditions: os=linux & cpu=riscv64
  languageName: node
  linkType: hard

"@esbuild/linux-s390x@npm:0.17.18":
  version: 0.17.18
  resolution: "@esbuild/linux-s390x@npm:0.17.18"
  conditions: os=linux & cpu=s390x
  languageName: node
  linkType: hard

"@esbuild/linux-x64@npm:0.17.18":
  version: 0.17.18
  resolution: "@esbuild/linux-x64@npm:0.17.18"
  conditions: os=linux & cpu=x64
  languageName: node
  linkType: hard

"@esbuild/netbsd-x64@npm:0.17.18":
  version: 0.17.18
  resolution: "@esbuild/netbsd-x64@npm:0.17.18"
  conditions: os=netbsd & cpu=x64
  languageName: node
  linkType: hard

"@esbuild/openbsd-x64@npm:0.17.18":
  version: 0.17.18
  resolution: "@esbuild/openbsd-x64@npm:0.17.18"
  conditions: os=openbsd & cpu=x64
  languageName: node
  linkType: hard

"@esbuild/sunos-x64@npm:0.17.18":
  version: 0.17.18
  resolution: "@esbuild/sunos-x64@npm:0.17.18"
  conditions: os=sunos & cpu=x64
  languageName: node
  linkType: hard

"@esbuild/win32-arm64@npm:0.17.18":
  version: 0.17.18
  resolution: "@esbuild/win32-arm64@npm:0.17.18"
  conditions: os=win32 & cpu=arm64
  languageName: node
  linkType: hard

"@esbuild/win32-ia32@npm:0.17.18":
  version: 0.17.18
  resolution: "@esbuild/win32-ia32@npm:0.17.18"
  conditions: os=win32 & cpu=ia32
  languageName: node
  linkType: hard

"@esbuild/win32-x64@npm:0.17.18":
  version: 0.17.18
  resolution: "@esbuild/win32-x64@npm:0.17.18"
  conditions: os=win32 & cpu=x64
  languageName: node
  linkType: hard

"@hotwired/stimulus@npm:^3.2.1":
  version: 3.2.1
  resolution: "@hotwired/stimulus@npm:3.2.1"
  checksum: 2617b10fb3ca0fb05205526693cbc9ea17fca84f40d8d95d0ce8d58f903aa74e020da858adc72f056f777f4854bdd7f5ee6d69810ecb17412af43d6ffb78997e
  languageName: node
  linkType: hard

"@hotwired/turbo-rails@npm:^7.3.0":
  version: 7.3.0
  resolution: "@hotwired/turbo-rails@npm:7.3.0"
  dependencies:
    "@hotwired/turbo": ^7.3.0
    "@rails/actioncable": ^7.0
  checksum: 14e29fc7abcf966b652aaa5494398bd4a18559843d57fd5f6db785b3e1d2541c09fcbb979ccbf1dd8ab50d362558ac6bf52a97ce5dc2bbf503059793058b9e97
  languageName: node
  linkType: hard

"@hotwired/turbo@npm:^7.3.0":
  version: 7.3.0
  resolution: "@hotwired/turbo@npm:7.3.0"
  checksum: ccc03c980e4b4636e48ea2132c7d28be1be4f4e6123f63905fbf871e7647369b5c6ce53301443b218d7abf68fa4897eaf614254688108ed6ae303c5040241a97
  languageName: node
  linkType: hard

"@rails/actioncable@npm:^7.0":
  version: 7.0.4
  resolution: "@rails/actioncable@npm:7.0.4"
  checksum: b31cae40511a3df4d3048779255219b92f7dd89514f3c9f2da2b219b9b0635261b17b05031c7070756d319bf9165d4d6c021a820b110d53a3e6c441a062accdd
  languageName: node
  linkType: hard

"@types/prop-types@npm:*":
  version: 15.7.5
  resolution: "@types/prop-types@npm:15.7.5"
  checksum: 5b43b8b15415e1f298243165f1d44390403bb2bd42e662bca3b5b5633fdd39c938e91b7fce3a9483699db0f7a715d08cef220c121f723a634972fdf596aec980
  languageName: node
  linkType: hard

"@types/react-dom@npm:^18.0.11":
  version: 18.0.11
  resolution: "@types/react-dom@npm:18.0.11"
  dependencies:
    "@types/react": "*"
  checksum: 579691e4d5ec09688087568037c35edf8cfb1ab3e07f6c60029280733ee7b5c06d66df6fcc90786702c93ac8cb13bc7ff16c79ddfc75d082938fbaa36e1cdbf4
  languageName: node
  linkType: hard

"@types/react@npm:*, @types/react@npm:^18.0.38":
  version: 18.0.38
  resolution: "@types/react@npm:18.0.38"
  dependencies:
    "@types/prop-types": "*"
    "@types/scheduler": "*"
    csstype: ^3.0.2
  checksum: 34481c79f4f7ea2aefbaa45281319dc183200230d932d968463eba1643bd3635073d0a17c5c613150a69e36ca18b811ecffafea6384fa3dff3b5203866339d69
  languageName: node
  linkType: hard

"@types/scheduler@npm:*":
  version: 0.16.3
  resolution: "@types/scheduler@npm:0.16.3"
  checksum: 2b0aec39c24268e3ce938c5db2f2e77f5c3dd280e05c262d9c2fe7d890929e4632a6b8e94334017b66b45e4f92a5aa42ba3356640c2a1175fa37bef2f5200767
  languageName: node
  linkType: hard

"app@workspace:.":
  version: 0.0.0-use.local
  resolution: "app@workspace:."
  dependencies:
    "@hotwired/stimulus": ^3.2.1
    "@hotwired/turbo-rails": ^7.3.0
    "@types/react": ^18.0.38
    "@types/react-dom": ^18.0.11
    esbuild: ^0.17.18
    react: ^18.2.0
    react-dom: ^18.2.0
    typescript: ^5.0.4
  languageName: unknown
  linkType: soft

"csstype@npm:^3.0.2":
  version: 3.1.2
  resolution: "csstype@npm:3.1.2"
  checksum: e1a52e6c25c1314d6beef5168da704ab29c5186b877c07d822bd0806717d9a265e8493a2e35ca7e68d0f5d472d43fac1cdce70fd79fd0853dff81f3028d857b5
  languageName: node
  linkType: hard

"esbuild@npm:^0.17.18":
  version: 0.17.18
  resolution: "esbuild@npm:0.17.18"
  dependencies:
    "@esbuild/android-arm": 0.17.18
    "@esbuild/android-arm64": 0.17.18
    "@esbuild/android-x64": 0.17.18
    "@esbuild/darwin-arm64": 0.17.18
    "@esbuild/darwin-x64": 0.17.18
    "@esbuild/freebsd-arm64": 0.17.18
    "@esbuild/freebsd-x64": 0.17.18
    "@esbuild/linux-arm": 0.17.18
    "@esbuild/linux-arm64": 0.17.18
    "@esbuild/linux-ia32": 0.17.18
    "@esbuild/linux-loong64": 0.17.18
    "@esbuild/linux-mips64el": 0.17.18
    "@esbuild/linux-ppc64": 0.17.18
    "@esbuild/linux-riscv64": 0.17.18
    "@esbuild/linux-s390x": 0.17.18
    "@esbuild/linux-x64": 0.17.18
    "@esbuild/netbsd-x64": 0.17.18
    "@esbuild/openbsd-x64": 0.17.18
    "@esbuild/sunos-x64": 0.17.18
    "@esbuild/win32-arm64": 0.17.18
    "@esbuild/win32-ia32": 0.17.18
    "@esbuild/win32-x64": 0.17.18
  dependenciesMeta:
    "@esbuild/android-arm":
      optional: true
    "@esbuild/android-arm64":
      optional: true
    "@esbuild/android-x64":
      optional: true
    "@esbuild/darwin-arm64":
      optional: true
    "@esbuild/darwin-x64":
      optional: true
    "@esbuild/freebsd-arm64":
      optional: true
    "@esbuild/freebsd-x64":
      optional: true
    "@esbuild/linux-arm":
      optional: true
    "@esbuild/linux-arm64":
      optional: true
    "@esbuild/linux-ia32":
      optional: true
    "@esbuild/linux-loong64":
      optional: true
    "@esbuild/linux-mips64el":
      optional: true
    "@esbuild/linux-ppc64":
      optional: true
    "@esbuild/linux-riscv64":
      optional: true
    "@esbuild/linux-s390x":
      optional: true
    "@esbuild/linux-x64":
      optional: true
    "@esbuild/netbsd-x64":
      optional: true
    "@esbuild/openbsd-x64":
      optional: true
    "@esbuild/sunos-x64":
      optional: true
    "@esbuild/win32-arm64":
      optional: true
    "@esbuild/win32-ia32":
      optional: true
    "@esbuild/win32-x64":
      optional: true
  bin:
    esbuild: bin/esbuild
  checksum: 900b333f649fd89804216fb61fb5a0ffadc6dc37a2ec3b5981b588f72821676ea649a7c0ec785f0dbe6e774080b084c8af5f6ee7adbc1b138faf2a8c35e2c69c
  languageName: node
  linkType: hard

"js-tokens@npm:^3.0.0 || ^4.0.0":
  version: 4.0.0
  resolution: "js-tokens@npm:4.0.0"
  checksum: 8a95213a5a77deb6cbe94d86340e8d9ace2b93bc367790b260101d2f36a2eaf4e4e22d9fa9cf459b38af3a32fb4190e638024cf82ec95ef708680e405ea7cc78
  languageName: node
  linkType: hard

"loose-envify@npm:^1.1.0":
  version: 1.4.0
  resolution: "loose-envify@npm:1.4.0"
  dependencies:
    js-tokens: ^3.0.0 || ^4.0.0
  bin:
    loose-envify: cli.js
  checksum: 6517e24e0cad87ec9888f500c5b5947032cdfe6ef65e1c1936a0c48a524b81e65542c9c3edc91c97d5bddc806ee2a985dbc79be89215d613b1de5db6d1cfe6f4
  languageName: node
  linkType: hard

"react-dom@npm:^18.2.0":
  version: 18.2.0
  resolution: "react-dom@npm:18.2.0"
  dependencies:
    loose-envify: ^1.1.0
    scheduler: ^0.23.0
  peerDependencies:
    react: ^18.2.0
  checksum: 7d323310bea3a91be2965f9468d552f201b1c27891e45ddc2d6b8f717680c95a75ae0bc1e3f5cf41472446a2589a75aed4483aee8169287909fcd59ad149e8cc
  languageName: node
  linkType: hard

"react@npm:^18.2.0":
  version: 18.2.0
  resolution: "react@npm:18.2.0"
  dependencies:
    loose-envify: ^1.1.0
  checksum: 88e38092da8839b830cda6feef2e8505dec8ace60579e46aa5490fc3dc9bba0bd50336507dc166f43e3afc1c42939c09fe33b25fae889d6f402721dcd78fca1b
  languageName: node
  linkType: hard

"scheduler@npm:^0.23.0":
  version: 0.23.0
  resolution: "scheduler@npm:0.23.0"
  dependencies:
    loose-envify: ^1.1.0
  checksum: d79192eeaa12abef860c195ea45d37cbf2bbf5f66e3c4dcd16f54a7da53b17788a70d109ee3d3dde1a0fd50e6a8fc171f4300356c5aee4fc0171de526bf35f8a
  languageName: node
  linkType: hard

"typescript@npm:^5.0.4":
  version: 5.0.4
  resolution: "typescript@npm:5.0.4"
  bin:
    tsc: bin/tsc
    tsserver: bin/tsserver
  checksum: 82b94da3f4604a8946da585f7d6c3025fff8410779e5bde2855ab130d05e4fd08938b9e593b6ebed165bda6ad9292b230984f10952cf82f0a0ca07bbeaa08172
  languageName: node
  linkType: hard

"typescript@patch:typescript@^5.0.4#~builtin<compat/typescript>":
  version: 5.0.4
  resolution: "typescript@patch:typescript@npm%3A5.0.4#~builtin<compat/typescript>::version=5.0.4&hash=85af82"
  bin:
    tsc: bin/tsc
    tsserver: bin/tsserver
  checksum: bb309d320c59a26565fb3793dba550576ab861018ff3fd1b7fccabbe46ae4a35546bc45f342c0a0b6f265c801ccdf64ffd68f548f117ceb7f0eac4b805cd52a9
  languageName: node
  linkType: hard
